<?xml version="1.0" encoding="utf-8"?>
<Project ToolsVersion="4.0" xmlns="http://schemas.microsoft.com/developer/msbuild/2003">
  <ItemGroup>
    <Filter Include="Source Files">
      <UniqueIdentifier>{4FC737F1-C7A5-4376-A066-2A32D752A2FF}</UniqueIdentifier>
      <Extensions>cpp;cxx;c;def</Extensions>
    </Filter>
    <Filter Include="Header Files">
      <UniqueIdentifier>{93995380-89BD-4b04-88EB-625FBE52EBFB}</UniqueIdentifier>
      <Extensions>h</Extensions>
    </Filter>
    <Filter Include="Form Files">
      <UniqueIdentifier>{99349809-55BA-4b9d-BF79-8FDBB0286EB3}</UniqueIdentifier>
      <Extensions>ui</Extensions>
    </Filter>
    <Filter Include="Resource Files">
      <UniqueIdentifier>{D9D6E242-F8AF-46E4-B9FD-80ECBC20BA3E}</UniqueIdentifier>
      <Extensions>qrc;*</Extensions>
      <ParseFiles>false</ParseFiles>
    </Filter>
    <Filter Include="Generated Files">
      <UniqueIdentifier>{71ED8ED8-ACB9-4CE9-BBE1-E00B30144E11}</UniqueIdentifier>
      <Extensions>moc;h;cpp</Extensions>
      <SourceControlFiles>False</SourceControlFiles>
    </Filter>
    <Filter Include="Generated Files\Debug">
      <UniqueIdentifier>{4cc8ba69-fe0d-4772-9271-24df9bd0ba3c}</UniqueIdentifier>
      <Extensions>cpp;moc</Extensions>
      <SourceControlFiles>False</SourceControlFiles>
    </Filter>
    <Filter Include="Generated Files\Release">
      <UniqueIdentifier>{fd31db1b-37a6-46b3-9853-ae700d9e0203}</UniqueIdentifier>
      <Extensions>cpp;moc</Extensions>
      <SourceControlFiles>False</SourceControlFiles>
    </Filter>
    <Filter Include="Source Files\VCollide">
      <UniqueIdentifier>{aebf88e1-c32a-4971-9450-fa85b8da745a}</UniqueIdentifier>
    </Filter>
    <Filter Include="Source Files\AStar">
      <UniqueIdentifier>{44c6fc12-224c-467f-8b14-7d6a584f8571}</UniqueIdentifier>
    </Filter>
    <Filter Include="Header Files\AStar">
      <UniqueIdentifier>{5e3f424f-49d2-4e3c-8631-f6ba7893d793}</UniqueIdentifier>
    </Filter>
    <Filter Include="Source Files\Gui">
      <UniqueIdentifier>{31545620-7c33-445c-8473-1b65bdb2d30b}</UniqueIdentifier>
    </Filter>
    <Filter Include="Header Files\Gui">
      <UniqueIdentifier>{fb4ca8b4-a95d-4b61-8c1e-702c06d4465b}</UniqueIdentifier>
    </Filter>
    <Filter Include="Generated Files\DebugNoGui">
      <UniqueIdentifier>{eeb1d6e3-5d58-4680-afd1-5c3e1a861539}</UniqueIdentifier>
      <Extensions>cpp;moc</Extensions>
      <SourceControlFiles>False</SourceControlFiles>
    </Filter>
    <Filter Include="Source Files\Utils">
      <UniqueIdentifier>{fa1a2f86-8461-4c10-88bc-09c816bffa8c}</UniqueIdentifier>
    </Filter>
    <Filter Include="Header Files\Utils">
      <UniqueIdentifier>{4ed3ea92-46fa-412a-b480-3fe8a08a832a}</UniqueIdentifier>
    </Filter>
    <Filter Include="Generated Files\ReleaseNoGui">
      <UniqueIdentifier>{b8eb70fa-168e-4fbd-8046-de6f7bff0019}</UniqueIdentifier>
      <Extensions>cpp;moc</Extensions>
      <SourceControlFiles>False</SourceControlFiles>
    </Filter>
    <Filter Include="Header Files\Logging">
      <UniqueIdentifier>{074993db-65b7-4337-b53e-c763d68c2f91}</UniqueIdentifier>
    </Filter>
    <Filter Include="Header Files\ublas">
      <UniqueIdentifier>{a4170ce7-59c2-456a-820c-5b251654dbcc}</UniqueIdentifier>
    </Filter>
    <Filter Include="Header Files\ublas\detail">
      <UniqueIdentifier>{382f517a-c20b-4105-88da-d093550fc235}</UniqueIdentifier>
    </Filter>
    <Filter Include="Header Files\ublas\experimental">
      <UniqueIdentifier>{06842343-2661-40fe-b7b7-43fffab5d584}</UniqueIdentifier>
    </Filter>
    <Filter Include="Header Files\ublas\operation">
      <UniqueIdentifier>{270c6c46-f5eb-402a-876e-bacd2c19450f}</UniqueIdentifier>
    </Filter>
    <Filter Include="Header Files\ublas\traits">
      <UniqueIdentifier>{ee2107a1-2f8f-4c04-8e5c-40130c95d9c3}</UniqueIdentifier>
    </Filter>
  </ItemGroup>
  <ItemGroup>
    <ClCompile Include="main.cpp">
      <Filter>Source Files</Filter>
    </ClCompile>
    <ClCompile Include="GeneratedFiles\qrc_mainwindow.cpp">
      <Filter>Generated Files</Filter>
    </ClCompile>
    <ClCompile Include="Configuration.cpp">
      <Filter>Source Files</Filter>
    </ClCompile>
    <ClCompile Include="Goal.cpp">
      <Filter>Source Files</Filter>
    </ClCompile>
    <ClCompile Include="GuidingPathFactory.cpp">
      <Filter>Source Files</Filter>
    </ClCompile>
    <ClCompile Include="Map.cpp">
      <Filter>Source Files</Filter>
    </ClCompile>
    <ClCompile Include="MapFactory.cpp">
      <Filter>Source Files</Filter>
    </ClCompile>
    <ClCompile Include="Node.cpp">
      <Filter>Source Files</Filter>
    </ClCompile>
    <ClCompile Include="Obstacle.cpp">
      <Filter>Source Files</Filter>
    </ClCompile>
    <ClCompile Include="Path.cpp">
      <Filter>Source Files</Filter>
    </ClCompile>
    <ClCompile Include="Rectangle.cpp">
      <Filter>Source Files</Filter>
    </ClCompile>
    <ClCompile Include="Core.cpp">
      <Filter>Source Files</Filter>
    </ClCompile>
    <ClCompile Include="LoggerInterface.cpp">
      <Filter>Source Files</Filter>
    </ClCompile>
    <ClCompile Include="Point.cpp">
      <Filter>Source Files</Filter>
    </ClCompile>
    <ClCompile Include="VCollide\build.cpp">
      <Filter>Source Files\VCollide</Filter>
    </ClCompile>
    <ClCompile Include="VCollide\collide.cpp">
      <Filter>Source Files\VCollide</Filter>
    </ClCompile>
    <ClCompile Include="VCollide\coldetect.cpp">
      <Filter>Source Files\VCollide</Filter>
    </ClCompile>
    <ClCompile Include="VCollide\NBody.cpp">
      <Filter>Source Files\VCollide</Filter>
    </ClCompile>
    <ClCompile Include="VCollide\overlap.cpp">
      <Filter>Source Files\VCollide</Filter>
    </ClCompile>
    <ClCompile Include="VCollide\Point2D.cpp">
      <Filter>Source Files\VCollide</Filter>
    </ClCompile>
    <ClCompile Include="VCollide\Point3D.cpp">
      <Filter>Source Files\VCollide</Filter>
    </ClCompile>
    <ClCompile Include="PointParticle.cpp">
      <Filter>Source Files\VCollide</Filter>
    </ClCompile>
    <ClCompile Include="VCollide\RAPID.cpp">
      <Filter>Source Files\VCollide</Filter>
    </ClCompile>
    <ClCompile Include="VCollide\Rectangle2D.cpp">
      <Filter>Source Files\VCollide</Filter>
    </ClCompile>
    <ClCompile Include="VCollide\simple.cpp">
      <Filter>Source Files\VCollide</Filter>
    </ClCompile>
    <ClCompile Include="VCollide\sample_client.cpp">
      <Filter>Source Files\VCollide</Filter>
    </ClCompile>
    <ClCompile Include="VCollide\simple2.cpp">
      <Filter>Source Files\VCollide</Filter>
    </ClCompile>
    <ClCompile Include="VCollide\Triangle3D.cpp">
      <Filter>Source Files\VCollide</Filter>
    </ClCompile>
    <ClCompile Include="VCollide\VCollide.cpp">
      <Filter>Source Files\VCollide</Filter>
    </ClCompile>
    <ClCompile Include="VCollide\VInternal.cpp">
      <Filter>Source Files\VCollide</Filter>
    </ClCompile>
    <ClCompile Include="VCollide\PairData.cpp">
      <Filter>Source Files\VCollide</Filter>
    </ClCompile>
    <ClCompile Include="MapProcessor.cpp">
      <Filter>Source Files</Filter>
    </ClCompile>
    <ClCompile Include="MapGraph.cpp">
      <Filter>Source Files</Filter>
    </ClCompile>
    <ClCompile Include="AStar.cpp">
      <Filter>Source Files\AStar</Filter>
    </ClCompile>
    <ClCompile Include="NodeSet.cpp">
      <Filter>Source Files\AStar</Filter>
    </ClCompile>
    <ClCompile Include="NodeWrapper.cpp">
      <Filter>Source Files\AStar</Filter>
    </ClCompile>
    <ClCompile Include="ClosedSet.cpp">
      <Filter>Source Files\AStar</Filter>
    </ClCompile>
    <ClCompile Include="OpenedSet.cpp">
      <Filter>Source Files\AStar</Filter>
    </ClCompile>
    <ClCompile Include="GuiDrawer.cpp">
      <Filter>Source Files\Gui</Filter>
    </ClCompile>
    <ClCompile Include="mainwindow.cpp">
      <Filter>Source Files\Gui</Filter>
    </ClCompile>
    <ClCompile Include="Output.cpp">
      <Filter>Source Files</Filter>
    </ClCompile>
    <ClCompile Include="State.cpp">
      <Filter>Source Files</Filter>
    </ClCompile>
    <ClCompile Include="Random.cpp">
      <Filter>Source Files\Utils</Filter>
    </ClCompile>
    <ClCompile Include="UavGroup.cpp">
      <Filter>Source Files</Filter>
    </ClCompile>
    <ClCompile Include="StateFactory.cpp">
      <Filter>Source Files</Filter>
    </ClCompile>
    <ClCompile Include="Uav.cpp">
      <Filter>Source Files</Filter>
    </ClCompile>
    <ClCompile Include="GeneratedFiles\DebugNoGui\moc_mainwindow.cpp">
      <Filter>Generated Files\DebugNoGui</Filter>
    </ClCompile>
    <ClCompile Include="GeneratedFiles\ReleaseNoGui\moc_mainwindow.cpp">
      <Filter>Generated Files\ReleaseNoGui</Filter>
    </ClCompile>
    <ClCompile Include="GeneratedFiles\Debug\moc_mainwindow.cpp">
      <Filter>Generated Files\Debug</Filter>
    </ClCompile>
    <ClCompile Include="GeneratedFiles\Release\moc_mainwindow.cpp">
      <Filter>Generated Files\Release</Filter>
    </ClCompile>
    <ClCompile Include="GuidingPathsCurrentPositions.cpp">
      <Filter>Source Files</Filter>
    </ClCompile>
    <ClCompile Include="NTupletGenerator.cpp">
      <Filter>Source Files</Filter>
    </ClCompile>
    <ClCompile Include="InputGenerator.cpp">
      <Filter>Source Files</Filter>
    </ClCompile>
    <ClCompile Include="Gui.cpp">
      <Filter>Source Files\Gui</Filter>
    </ClCompile>
    <ClCompile Include="GoalGroup.cpp">
      <Filter>Source Files</Filter>
    </ClCompile>
    <ClCompile Include="GoalInterface.cpp">
      <Filter>Source Files</Filter>
    </ClCompile>
  </ItemGroup>
  <ItemGroup>
    <CustomBuild Include="mainwindow.ui">
      <Filter>Form Files</Filter>
    </CustomBuild>
    <CustomBuild Include="mainwindow.qrc">
      <Filter>Resource Files</Filter>
    </CustomBuild>
    <CustomBuild Include="mainwindow.h">
      <Filter>Header Files\Gui</Filter>
    </CustomBuild>
  </ItemGroup>
  <ItemGroup>
    <ClInclude Include="GeneratedFiles\ui_mainwindow.h">
      <Filter>Generated Files</Filter>
    </ClInclude>
    <ClInclude Include="Configuration.h">
      <Filter>Header Files</Filter>
    </ClInclude>
    <ClInclude Include="Goal.h">
      <Filter>Header Files</Filter>
    </ClInclude>
    <ClInclude Include="GuidingPathFactory.h">
      <Filter>Header Files</Filter>
    </ClInclude>
    <ClInclude Include="Map.h">
      <Filter>Header Files</Filter>
    </ClInclude>
    <ClInclude Include="MapFactory.h">
      <Filter>Header Files</Filter>
    </ClInclude>
    <ClInclude Include="Node.h">
      <Filter>Header Files</Filter>
    </ClInclude>
    <ClInclude Include="Obstacle.h">
      <Filter>Header Files</Filter>
    </ClInclude>
    <ClInclude Include="Path.h">
      <Filter>Header Files</Filter>
    </ClInclude>
    <ClInclude Include="Rectangle.h">
      <Filter>Header Files</Filter>
    </ClInclude>
    <ClInclude Include="Core.h">
      <Filter>Header Files</Filter>
    </ClInclude>
    <ClInclude Include="LoggerInterface.h">
      <Filter>Header Files</Filter>
    </ClInclude>
    <ClInclude Include="Point.h">
      <Filter>Header Files</Filter>
    </ClInclude>
    <ClInclude Include="PointParticle.h">
      <Filter>Header Files</Filter>
    </ClInclude>
    <ClInclude Include="VCollide\AABB.H">
      <Filter>Source Files\VCollide</Filter>
    </ClInclude>
    <ClInclude Include="VCollide\ColDetect.h">
      <Filter>Source Files\VCollide</Filter>
    </ClInclude>
    <ClInclude Include="VCollide\EndPoint.H">
      <Filter>Source Files\VCollide</Filter>
    </ClInclude>
    <ClInclude Include="VCollide\matvec.H">
      <Filter>Source Files\VCollide</Filter>
    </ClInclude>
    <ClInclude Include="VCollide\moments.H">
      <Filter>Source Files\VCollide</Filter>
    </ClInclude>
    <ClInclude Include="VCollide\NBody.H">
      <Filter>Source Files\VCollide</Filter>
    </ClInclude>
    <ClInclude Include="VCollide\obb.H">
      <Filter>Source Files\VCollide</Filter>
    </ClInclude>
    <ClInclude Include="VCollide\overlap.H">
      <Filter>Source Files\VCollide</Filter>
    </ClInclude>
    <ClInclude Include="VCollide\Point2D.h">
      <Filter>Source Files\VCollide</Filter>
    </ClInclude>
    <ClInclude Include="VCollide\Point3D.h">
      <Filter>Source Files\VCollide</Filter>
    </ClInclude>
    <ClInclude Include="VCollide\RAPID.H">
      <Filter>Source Files\VCollide</Filter>
    </ClInclude>
    <ClInclude Include="VCollide\RAPID_private.H">
      <Filter>Source Files\VCollide</Filter>
    </ClInclude>
    <ClInclude Include="VCollide\RAPID_version.H">
      <Filter>Source Files\VCollide</Filter>
    </ClInclude>
    <ClInclude Include="VCollide\Rectangle2D.h">
      <Filter>Source Files\VCollide</Filter>
    </ClInclude>
    <ClInclude Include="VCollide\Triangle3D.h">
      <Filter>Source Files\VCollide</Filter>
    </ClInclude>
    <ClInclude Include="VCollide\VCollide.H">
      <Filter>Source Files\VCollide</Filter>
    </ClInclude>
    <ClInclude Include="VCollide\VInternal.H">
      <Filter>Source Files\VCollide</Filter>
    </ClInclude>
    <ClInclude Include="VCollide\PairData.H">
      <Filter>Source Files\VCollide</Filter>
    </ClInclude>
    <ClInclude Include="MapProcessor.h">
      <Filter>Header Files</Filter>
    </ClInclude>
    <ClInclude Include="MapGraph.h">
      <Filter>Header Files</Filter>
    </ClInclude>
    <ClInclude Include="PathFindingAlgorithm.h">
      <Filter>Header Files</Filter>
    </ClInclude>
    <ClInclude Include="AStar.h">
      <Filter>Header Files\AStar</Filter>
    </ClInclude>
    <ClInclude Include="NodeSet.h">
      <Filter>Header Files\AStar</Filter>
    </ClInclude>
    <ClInclude Include="NodeWrapper.h">
      <Filter>Header Files\AStar</Filter>
    </ClInclude>
    <ClInclude Include="ClosedSet.h">
      <Filter>Header Files\AStar</Filter>
    </ClInclude>
    <ClInclude Include="OpenedSet.h">
      <Filter>Header Files\AStar</Filter>
    </ClInclude>
    <ClInclude Include="GuiDrawer.h">
      <Filter>Header Files\Gui</Filter>
    </ClInclude>
    <ClInclude Include="Output.h">
      <Filter>Header Files</Filter>
    </ClInclude>
    <ClInclude Include="State.h">
      <Filter>Header Files</Filter>
    </ClInclude>
    <ClInclude Include="Random.h">
      <Filter>Header Files\Utils</Filter>
    </ClInclude>
    <ClInclude Include="UavGroup.h">
      <Filter>Header Files</Filter>
    </ClInclude>
    <ClInclude Include="StateFactory.h">
      <Filter>Header Files</Filter>
    </ClInclude>
    <ClInclude Include="Enums.h">
      <Filter>Header Files</Filter>
    </ClInclude>
    <ClInclude Include="Uav.h">
      <Filter>Header Files</Filter>
    </ClInclude>
    <ClInclude Include="easyloggingpp-9.80\src\easylogging++.h">
      <Filter>Header Files\Logging</Filter>
    </ClInclude>
    <ClInclude Include="GuidingPathsCurrentPositions.h">
      <Filter>Header Files</Filter>
    </ClInclude>
    <ClInclude Include="NTupletGenerator.h">
      <Filter>Header Files</Filter>
    </ClInclude>
    <ClInclude Include="InputGenerator.h">
      <Filter>Header Files</Filter>
    </ClInclude>
    <ClInclude Include="Gui.h">
      <Filter>Header Files\Gui</Filter>
    </ClInclude>
    <ClInclude Include="GoalGroup.h">
      <Filter>Header Files</Filter>
    </ClInclude>
    <ClInclude Include="GoalInterface.h">
      <Filter>Header Files</Filter>
    </ClInclude>
    <ClInclude Include="ublas\assignment.hpp">
      <Filter>Header Files\ublas</Filter>
    </ClInclude>
    <ClInclude Include="ublas\banded.hpp">
      <Filter>Header Files\ublas</Filter>
    </ClInclude>
    <ClInclude Include="ublas\blas.hpp">
      <Filter>Header Files\ublas</Filter>
    </ClInclude>
    <ClInclude Include="ublas\doxydoc.hpp">
      <Filter>Header Files\ublas</Filter>
    </ClInclude>
    <ClInclude Include="ublas\exception.hpp">
      <Filter>Header Files\ublas</Filter>
    </ClInclude>
    <ClInclude Include="ublas\expression_types.hpp">
      <Filter>Header Files\ublas</Filter>
    </ClInclude>
    <ClInclude Include="ublas\functional.hpp">
      <Filter>Header Files\ublas</Filter>
    </ClInclude>
    <ClInclude Include="ublas\fwd.hpp">
      <Filter>Header Files\ublas</Filter>
    </ClInclude>
    <ClInclude Include="ublas\hermitian.hpp">
      <Filter>Header Files\ublas</Filter>
    </ClInclude>
    <ClInclude Include="ublas\io.hpp">
      <Filter>Header Files\ublas</Filter>
    </ClInclude>
    <ClInclude Include="ublas\lu.hpp">
      <Filter>Header Files\ublas</Filter>
    </ClInclude>
    <ClInclude Include="ublas\matrix.hpp">
      <Filter>Header Files\ublas</Filter>
    </ClInclude>
    <ClInclude Include="ublas\matrix_expression.hpp">
      <Filter>Header Files\ublas</Filter>
    </ClInclude>
    <ClInclude Include="ublas\matrix_proxy.hpp">
      <Filter>Header Files\ublas</Filter>
    </ClInclude>
    <ClInclude Include="ublas\matrix_sparse.hpp">
      <Filter>Header Files\ublas</Filter>
    </ClInclude>
    <ClInclude Include="ublas\matrix_vector.hpp">
      <Filter>Header Files\ublas</Filter>
    </ClInclude>
    <ClInclude Include="ublas\operation.hpp">
      <Filter>Header Files\ublas</Filter>
    </ClInclude>
    <ClInclude Include="ublas\operation_blocked.hpp">
      <Filter>Header Files\ublas</Filter>
    </ClInclude>
    <ClInclude Include="ublas\operation_sparse.hpp">
      <Filter>Header Files\ublas</Filter>
    </ClInclude>
    <ClInclude Include="ublas\operations.hpp">
      <Filter>Header Files\ublas</Filter>
    </ClInclude>
    <ClInclude Include="ublas\storage.hpp">
      <Filter>Header Files\ublas</Filter>
    </ClInclude>
    <ClInclude Include="ublas\storage_sparse.hpp">
      <Filter>Header Files\ublas</Filter>
    </ClInclude>
    <ClInclude Include="ublas\symmetric.hpp">
      <Filter>Header Files\ublas</Filter>
    </ClInclude>
    <ClInclude Include="ublas\tags.hpp">
      <Filter>Header Files\ublas</Filter>
    </ClInclude>
    <ClInclude Include="ublas\traits.hpp">
      <Filter>Header Files\ublas</Filter>
    </ClInclude>
    <ClInclude Include="ublas\triangular.hpp">
      <Filter>Header Files\ublas</Filter>
    </ClInclude>
    <ClInclude Include="ublas\vector.hpp">
      <Filter>Header Files\ublas</Filter>
    </ClInclude>
    <ClInclude Include="ublas\vector_expression.hpp">
      <Filter>Header Files\ublas</Filter>
    </ClInclude>
    <ClInclude Include="ublas\vector_of_vector.hpp">
      <Filter>Header Files\ublas</Filter>
    </ClInclude>
    <ClInclude Include="ublas\vector_proxy.hpp">
      <Filter>Header Files\ublas</Filter>
    </ClInclude>
    <ClInclude Include="ublas\vector_sparse.hpp">
      <Filter>Header Files\ublas</Filter>
    </ClInclude>
    <ClInclude Include="ublas\detail\concepts.hpp">
      <Filter>Header Files\ublas\detail</Filter>
    </ClInclude>
    <ClInclude Include="ublas\detail\config.hpp">
      <Filter>Header Files\ublas\detail</Filter>
    </ClInclude>
    <ClInclude Include="ublas\detail\definitions.hpp">
      <Filter>Header Files\ublas\detail</Filter>
    </ClInclude>
    <ClInclude Include="ublas\detail\documentation.hpp">
      <Filter>Header Files\ublas\detail</Filter>
    </ClInclude>
    <ClInclude Include="ublas\detail\duff.hpp">
      <Filter>Header Files\ublas\detail</Filter>
    </ClInclude>
    <ClInclude Include="ublas\detail\iterator.hpp">
      <Filter>Header Files\ublas\detail</Filter>
    </ClInclude>
    <ClInclude Include="ublas\detail\matrix_assign.hpp">
      <Filter>Header Files\ublas\detail</Filter>
    </ClInclude>
    <ClInclude Include="ublas\detail\raw.hpp">
      <Filter>Header Files\ublas\detail</Filter>
    </ClInclude>
    <ClInclude Include="ublas\detail\returntype_deduction.hpp">
      <Filter>Header Files\ublas\detail</Filter>
    </ClInclude>
    <ClInclude Include="ublas\detail\temporary.hpp">
      <Filter>Header Files\ublas\detail</Filter>
    </ClInclude>
    <ClInclude Include="ublas\detail\vector_assign.hpp">
      <Filter>Header Files\ublas\detail</Filter>
    </ClInclude>
    <ClInclude Include="ublas\experimental\sparse_view.hpp">
      <Filter>Header Files\ublas\experimental</Filter>
    </ClInclude>
    <ClInclude Include="ublas\operation\begin.hpp">
      <Filter>Header Files\ublas\operation</Filter>
    </ClInclude>
    <ClInclude Include="ublas\operation\c_array.hpp">
      <Filter>Header Files\ublas\operation</Filter>
    </ClInclude>
    <ClInclude Include="ublas\operation\end.hpp">
      <Filter>Header Files\ublas\operation</Filter>
    </ClInclude>
    <ClInclude Include="ublas\operation\num_columns.hpp">
      <Filter>Header Files\ublas\operation</Filter>
    </ClInclude>
    <ClInclude Include="ublas\operation\num_rows.hpp">
      <Filter>Header Files\ublas\operation</Filter>
    </ClInclude>
    <ClInclude Include="ublas\operation\size.hpp">
      <Filter>Header Files\ublas\operation</Filter>
    </ClInclude>
    <ClInclude Include="ublas\traits\c_array.hpp">
      <Filter>Header Files\ublas\traits</Filter>
    </ClInclude>
    <ClInclude Include="ublas\traits\const_iterator_type.hpp">
      <Filter>Header Files\ublas\traits</Filter>
    </ClInclude>
    <ClInclude Include="ublas\traits\iterator_type.hpp">
      <Filter>Header Files\ublas\traits</Filter>
    </ClInclude>
  </ItemGroup>
</Project>